// !$*UTF8*$!
{
	archiveVersion = 1;
	classes = {
	};
	objectVersion = 50;
	objects = {

/* Begin PBXBuildFile section */
		0864914D24C0AC6D0063286D /* UIViewController+Alert.swift in Sources */ = {isa = PBXBuildFile; fileRef = 0864914C24C0AC6D0063286D /* UIViewController+Alert.swift */; };
		0888647424AE322B00866612 /* Logger.swift in Sources */ = {isa = PBXBuildFile; fileRef = 0888647324AE322B00866612 /* Logger.swift */; };
		E02D5AD424C848AA002BE9D5 /* WeatherTableViewController.swift in Sources */ = {isa = PBXBuildFile; fileRef = E02D5AD324C848AA002BE9D5 /* WeatherTableViewController.swift */; };
		E02D5AD624C848BC002BE9D5 /* WeatherDetailViewController.swift in Sources */ = {isa = PBXBuildFile; fileRef = E02D5AD524C848BC002BE9D5 /* WeatherDetailViewController.swift */; };
		E02D5AD924C84915002BE9D5 /* WeatherTableViewCell.swift in Sources */ = {isa = PBXBuildFile; fileRef = E02D5AD824C84915002BE9D5 /* WeatherTableViewCell.swift */; };
		E02D5ADB24C8494A002BE9D5 /* WeatherIcon.swift in Sources */ = {isa = PBXBuildFile; fileRef = E02D5ADA24C8494A002BE9D5 /* WeatherIcon.swift */; };
		E02D5AE224C84C14002BE9D5 /* CurrentWeatherResult.swift in Sources */ = {isa = PBXBuildFile; fileRef = E02D5AE124C84C14002BE9D5 /* CurrentWeatherResult.swift */; };
		E02D5AE424C8525D002BE9D5 /* CurrentWeather.json in Resources */ = {isa = PBXBuildFile; fileRef = E02D5AE324C8525D002BE9D5 /* CurrentWeather.json */; };
		E02D5AE724C8527E002BE9D5 /* CurrentWeatherFakeResponse.swift in Sources */ = {isa = PBXBuildFile; fileRef = E02D5AE624C8527E002BE9D5 /* CurrentWeatherFakeResponse.swift */; };
		E02D5AE924C8550E002BE9D5 /* CurrentWeatherTest.swift in Sources */ = {isa = PBXBuildFile; fileRef = E02D5AE824C8550E002BE9D5 /* CurrentWeatherTest.swift */; };
		E02D5AEB24C85DA1002BE9D5 /* CurrentWeatherService.swift in Sources */ = {isa = PBXBuildFile; fileRef = E02D5AEA24C85DA1002BE9D5 /* CurrentWeatherService.swift */; };
		E02D5AEE24C8A2C6002BE9D5 /* ForecastWeatherTest.swift in Sources */ = {isa = PBXBuildFile; fileRef = E02D5AED24C8A2C6002BE9D5 /* ForecastWeatherTest.swift */; };
		E02D5AF024C8A308002BE9D5 /* ForecastWeatherService.swift in Sources */ = {isa = PBXBuildFile; fileRef = E02D5AEF24C8A308002BE9D5 /* ForecastWeatherService.swift */; };
		E02D5AF224C8A3AB002BE9D5 /* ForecastWeatherResult.swift in Sources */ = {isa = PBXBuildFile; fileRef = E02D5AF124C8A3AB002BE9D5 /* ForecastWeatherResult.swift */; };
		E02D5AF424C8A4AC002BE9D5 /* ForecastWeather.json in Resources */ = {isa = PBXBuildFile; fileRef = E02D5AF324C8A4AC002BE9D5 /* ForecastWeather.json */; };
		E02D5AF624C8A4D1002BE9D5 /* ForecastWeatherFakeResponse.swift in Sources */ = {isa = PBXBuildFile; fileRef = E02D5AF524C8A4D1002BE9D5 /* ForecastWeatherFakeResponse.swift */; };
		E02D5AFA24C93362002BE9D5 /* GlobalWeatherResult.swift in Sources */ = {isa = PBXBuildFile; fileRef = E02D5AF924C93362002BE9D5 /* GlobalWeatherResult.swift */; };
		E02D5AFC24C933F3002BE9D5 /* GlobalWeatherService.swift in Sources */ = {isa = PBXBuildFile; fileRef = E02D5AFB24C933F3002BE9D5 /* GlobalWeatherService.swift */; };
		E02D5AFF24C938A6002BE9D5 /* GlobalWeatherTest.swift in Sources */ = {isa = PBXBuildFile; fileRef = E02D5AFE24C938A6002BE9D5 /* GlobalWeatherTest.swift */; };
		E02F994224CED39500F90E44 /* HourlyForecastCollectionViewCell.swift in Sources */ = {isa = PBXBuildFile; fileRef = E02F994124CED39500F90E44 /* HourlyForecastCollectionViewCell.swift */; };
		E037338624CF06B800DB9929 /* WeatherTableViewController+LocationManager.swift in Sources */ = {isa = PBXBuildFile; fileRef = E037338524CF06B800DB9929 /* WeatherTableViewController+LocationManager.swift */; };
		E03CC1C424CDC61D006124B9 /* DailyTableViewCell.swift in Sources */ = {isa = PBXBuildFile; fileRef = E03CC1C324CDC61D006124B9 /* DailyTableViewCell.swift */; };
		E07D7F6624C247FE00ECBD7C /* FileSelectCurrencyTableViewController+UISearchBar.swift in Sources */ = {isa = PBXBuildFile; fileRef = E07D7F6524C247FE00ECBD7C /* FileSelectCurrencyTableViewController+UISearchBar.swift */; };
		E089E0F324AEFC740023909A /* ApiConfig.swift in Sources */ = {isa = PBXBuildFile; fileRef = E089E0F224AEFC740023909A /* ApiConfig.swift */; };
		E089E0F924B09B240023909A /* CurrencyButton.swift in Sources */ = {isa = PBXBuildFile; fileRef = E089E0F824B09B240023909A /* CurrencyButton.swift */; };
		E089E0FB24B09E7B0023909A /* SelectCurrencyTableViewController.swift in Sources */ = {isa = PBXBuildFile; fileRef = E089E0FA24B09E7B0023909A /* SelectCurrencyTableViewController.swift */; };
		E099FFEF24BDFC3900422CBB /* CurrencyTableViewCell.swift in Sources */ = {isa = PBXBuildFile; fileRef = E099FFEE24BDFC3900422CBB /* CurrencyTableViewCell.swift */; };
		E0A8A51024AA41F400DA145C /* AppDelegate.swift in Sources */ = {isa = PBXBuildFile; fileRef = E0A8A50F24AA41F400DA145C /* AppDelegate.swift */; };
		E0A8A51224AA41F400DA145C /* SceneDelegate.swift in Sources */ = {isa = PBXBuildFile; fileRef = E0A8A51124AA41F400DA145C /* SceneDelegate.swift */; };
		E0A8A51424AA41F400DA145C /* CurrencyViewController.swift in Sources */ = {isa = PBXBuildFile; fileRef = E0A8A51324AA41F400DA145C /* CurrencyViewController.swift */; };
		E0A8A51724AA41F400DA145C /* Main.storyboard in Resources */ = {isa = PBXBuildFile; fileRef = E0A8A51524AA41F400DA145C /* Main.storyboard */; settings = {ASSET_TAGS = (0, ); }; };
		E0A8A51A24AA41F400DA145C /* UltimateTravellerTool.xcdatamodeld in Sources */ = {isa = PBXBuildFile; fileRef = E0A8A51824AA41F400DA145C /* UltimateTravellerTool.xcdatamodeld */; };
		E0A8A51C24AA41F400DA145C /* Assets.xcassets in Resources */ = {isa = PBXBuildFile; fileRef = E0A8A51B24AA41F400DA145C /* Assets.xcassets */; };
		E0A8A51F24AA41F400DA145C /* LaunchScreen.storyboard in Resources */ = {isa = PBXBuildFile; fileRef = E0A8A51D24AA41F400DA145C /* LaunchScreen.storyboard */; };
		E0A8A52A24AA41F500DA145C /* UltimateTravellerToolTests.swift in Sources */ = {isa = PBXBuildFile; fileRef = E0A8A52924AA41F500DA145C /* UltimateTravellerToolTests.swift */; };
		E0A8A53924AA42A600DA145C /* HTTPRequest.swift in Sources */ = {isa = PBXBuildFile; fileRef = E0A8A53824AA42A600DA145C /* HTTPRequest.swift */; };
		E0A8A53B24AA42AE00DA145C /* HTTPClient.swift in Sources */ = {isa = PBXBuildFile; fileRef = E0A8A53A24AA42AE00DA145C /* HTTPClient.swift */; };
		E0A8A53E24AA463200DA145C /* NetworkError.swift in Sources */ = {isa = PBXBuildFile; fileRef = E0A8A53D24AA463200DA145C /* NetworkError.swift */; };
		E0A8A54424AA4BF400DA145C /* CurrenciesResult.swift in Sources */ = {isa = PBXBuildFile; fileRef = E0A8A54324AA4BF400DA145C /* CurrenciesResult.swift */; };
		E0A8A54624AA4BFD00DA145C /* CurrenciesService.swift in Sources */ = {isa = PBXBuildFile; fileRef = E0A8A54524AA4BFD00DA145C /* CurrenciesService.swift */; };
		E0A8A54924AA535D00DA145C /* FakeUrlSession.swift in Sources */ = {isa = PBXBuildFile; fileRef = E0A8A54824AA535D00DA145C /* FakeUrlSession.swift */; };
		E0A8A54E24AA55D800DA145C /* CurrenciesFakeData.json in Resources */ = {isa = PBXBuildFile; fileRef = E0A8A54D24AA55D800DA145C /* CurrenciesFakeData.json */; };
		E0A8A55024AA562200DA145C /* CurrenciesFakeResponse.swift in Sources */ = {isa = PBXBuildFile; fileRef = E0A8A54F24AA562200DA145C /* CurrenciesFakeResponse.swift */; };
		E0A8A55224AA58D000DA145C /* CurrenciesTest.swift in Sources */ = {isa = PBXBuildFile; fileRef = E0A8A55124AA58D000DA145C /* CurrenciesTest.swift */; };
		E0C5C0FF24C1A45100EEBF98 /* UIViewController+Date.swift in Sources */ = {isa = PBXBuildFile; fileRef = E0C5C0FE24C1A45100EEBF98 /* UIViewController+Date.swift */; };
/* End PBXBuildFile section */

/* Begin PBXContainerItemProxy section */
		E0A8A52624AA41F500DA145C /* PBXContainerItemProxy */ = {
			isa = PBXContainerItemProxy;
			containerPortal = E0A8A50424AA41F400DA145C /* Project object */;
			proxyType = 1;
			remoteGlobalIDString = E0A8A50B24AA41F400DA145C;
			remoteInfo = UltimateTravellerTool;
		};
/* End PBXContainerItemProxy section */

/* Begin PBXFileReference section */
		0864914C24C0AC6D0063286D /* UIViewController+Alert.swift */ = {isa = PBXFileReference; lastKnownFileType = sourcecode.swift; path = "UIViewController+Alert.swift"; sourceTree = "<group>"; };
		0888647324AE322B00866612 /* Logger.swift */ = {isa = PBXFileReference; lastKnownFileType = sourcecode.swift; path = Logger.swift; sourceTree = "<group>"; };
		E02D5AD324C848AA002BE9D5 /* WeatherTableViewController.swift */ = {isa = PBXFileReference; lastKnownFileType = sourcecode.swift; path = WeatherTableViewController.swift; sourceTree = "<group>"; };
		E02D5AD524C848BC002BE9D5 /* WeatherDetailViewController.swift */ = {isa = PBXFileReference; lastKnownFileType = sourcecode.swift; path = WeatherDetailViewController.swift; sourceTree = "<group>"; };
		E02D5AD824C84915002BE9D5 /* WeatherTableViewCell.swift */ = {isa = PBXFileReference; lastKnownFileType = sourcecode.swift; path = WeatherTableViewCell.swift; sourceTree = "<group>"; };
		E02D5ADA24C8494A002BE9D5 /* WeatherIcon.swift */ = {isa = PBXFileReference; lastKnownFileType = sourcecode.swift; path = WeatherIcon.swift; sourceTree = "<group>"; };
		E02D5AE124C84C14002BE9D5 /* CurrentWeatherResult.swift */ = {isa = PBXFileReference; lastKnownFileType = sourcecode.swift; path = CurrentWeatherResult.swift; sourceTree = "<group>"; };
		E02D5AE324C8525D002BE9D5 /* CurrentWeather.json */ = {isa = PBXFileReference; lastKnownFileType = text.json; path = CurrentWeather.json; sourceTree = "<group>"; };
		E02D5AE624C8527E002BE9D5 /* CurrentWeatherFakeResponse.swift */ = {isa = PBXFileReference; lastKnownFileType = sourcecode.swift; path = CurrentWeatherFakeResponse.swift; sourceTree = "<group>"; };
		E02D5AE824C8550E002BE9D5 /* CurrentWeatherTest.swift */ = {isa = PBXFileReference; lastKnownFileType = sourcecode.swift; path = CurrentWeatherTest.swift; sourceTree = "<group>"; };
		E02D5AEA24C85DA1002BE9D5 /* CurrentWeatherService.swift */ = {isa = PBXFileReference; lastKnownFileType = sourcecode.swift; path = CurrentWeatherService.swift; sourceTree = "<group>"; };
		E02D5AED24C8A2C6002BE9D5 /* ForecastWeatherTest.swift */ = {isa = PBXFileReference; lastKnownFileType = sourcecode.swift; path = ForecastWeatherTest.swift; sourceTree = "<group>"; };
		E02D5AEF24C8A308002BE9D5 /* ForecastWeatherService.swift */ = {isa = PBXFileReference; lastKnownFileType = sourcecode.swift; path = ForecastWeatherService.swift; sourceTree = "<group>"; };
		E02D5AF124C8A3AB002BE9D5 /* ForecastWeatherResult.swift */ = {isa = PBXFileReference; lastKnownFileType = sourcecode.swift; path = ForecastWeatherResult.swift; sourceTree = "<group>"; };
		E02D5AF324C8A4AC002BE9D5 /* ForecastWeather.json */ = {isa = PBXFileReference; lastKnownFileType = text.json; path = ForecastWeather.json; sourceTree = "<group>"; };
		E02D5AF524C8A4D1002BE9D5 /* ForecastWeatherFakeResponse.swift */ = {isa = PBXFileReference; lastKnownFileType = sourcecode.swift; path = ForecastWeatherFakeResponse.swift; sourceTree = "<group>"; };
		E02D5AF924C93362002BE9D5 /* GlobalWeatherResult.swift */ = {isa = PBXFileReference; lastKnownFileType = sourcecode.swift; path = GlobalWeatherResult.swift; sourceTree = "<group>"; };
		E02D5AFB24C933F3002BE9D5 /* GlobalWeatherService.swift */ = {isa = PBXFileReference; lastKnownFileType = sourcecode.swift; path = GlobalWeatherService.swift; sourceTree = "<group>"; };
		E02D5AFE24C938A6002BE9D5 /* GlobalWeatherTest.swift */ = {isa = PBXFileReference; lastKnownFileType = sourcecode.swift; path = GlobalWeatherTest.swift; sourceTree = "<group>"; };
		E02F994124CED39500F90E44 /* HourlyForecastCollectionViewCell.swift */ = {isa = PBXFileReference; lastKnownFileType = sourcecode.swift; path = HourlyForecastCollectionViewCell.swift; sourceTree = "<group>"; };
		E037338524CF06B800DB9929 /* WeatherTableViewController+LocationManager.swift */ = {isa = PBXFileReference; lastKnownFileType = sourcecode.swift; path = "WeatherTableViewController+LocationManager.swift"; sourceTree = "<group>"; };
		E03CC1C324CDC61D006124B9 /* DailyTableViewCell.swift */ = {isa = PBXFileReference; lastKnownFileType = sourcecode.swift; path = DailyTableViewCell.swift; sourceTree = "<group>"; };
		E07D7F6524C247FE00ECBD7C /* FileSelectCurrencyTableViewController+UISearchBar.swift */ = {isa = PBXFileReference; lastKnownFileType = sourcecode.swift; path = "FileSelectCurrencyTableViewController+UISearchBar.swift"; sourceTree = "<group>"; };
		E089E0F224AEFC740023909A /* ApiConfig.swift */ = {isa = PBXFileReference; lastKnownFileType = sourcecode.swift; path = ApiConfig.swift; sourceTree = "<group>"; };
		E089E0F824B09B240023909A /* CurrencyButton.swift */ = {isa = PBXFileReference; lastKnownFileType = sourcecode.swift; path = CurrencyButton.swift; sourceTree = "<group>"; };
		E089E0FA24B09E7B0023909A /* SelectCurrencyTableViewController.swift */ = {isa = PBXFileReference; lastKnownFileType = sourcecode.swift; path = SelectCurrencyTableViewController.swift; sourceTree = "<group>"; };
		E099FFEE24BDFC3900422CBB /* CurrencyTableViewCell.swift */ = {isa = PBXFileReference; lastKnownFileType = sourcecode.swift; path = CurrencyTableViewCell.swift; sourceTree = "<group>"; };
		E0A8A50C24AA41F400DA145C /* UltimateTravellerTool.app */ = {isa = PBXFileReference; explicitFileType = wrapper.application; includeInIndex = 0; path = UltimateTravellerTool.app; sourceTree = BUILT_PRODUCTS_DIR; };
		E0A8A50F24AA41F400DA145C /* AppDelegate.swift */ = {isa = PBXFileReference; lastKnownFileType = sourcecode.swift; path = AppDelegate.swift; sourceTree = "<group>"; };
		E0A8A51124AA41F400DA145C /* SceneDelegate.swift */ = {isa = PBXFileReference; lastKnownFileType = sourcecode.swift; path = SceneDelegate.swift; sourceTree = "<group>"; };
		E0A8A51324AA41F400DA145C /* CurrencyViewController.swift */ = {isa = PBXFileReference; lastKnownFileType = sourcecode.swift; path = CurrencyViewController.swift; sourceTree = "<group>"; };
		E0A8A51624AA41F400DA145C /* Base */ = {isa = PBXFileReference; lastKnownFileType = file.storyboard; name = Base; path = Base.lproj/Main.storyboard; sourceTree = "<group>"; };
		E0A8A51924AA41F400DA145C /* UltimateTravellerTool.xcdatamodel */ = {isa = PBXFileReference; lastKnownFileType = wrapper.xcdatamodel; path = UltimateTravellerTool.xcdatamodel; sourceTree = "<group>"; };
		E0A8A51B24AA41F400DA145C /* Assets.xcassets */ = {isa = PBXFileReference; lastKnownFileType = folder.assetcatalog; path = Assets.xcassets; sourceTree = "<group>"; };
		E0A8A51E24AA41F400DA145C /* Base */ = {isa = PBXFileReference; lastKnownFileType = file.storyboard; name = Base; path = Base.lproj/LaunchScreen.storyboard; sourceTree = "<group>"; };
		E0A8A52024AA41F400DA145C /* Info.plist */ = {isa = PBXFileReference; lastKnownFileType = text.plist.xml; path = Info.plist; sourceTree = "<group>"; };
		E0A8A52524AA41F500DA145C /* UltimateTravellerToolTests.xctest */ = {isa = PBXFileReference; explicitFileType = wrapper.cfbundle; includeInIndex = 0; path = UltimateTravellerToolTests.xctest; sourceTree = BUILT_PRODUCTS_DIR; };
		E0A8A52924AA41F500DA145C /* UltimateTravellerToolTests.swift */ = {isa = PBXFileReference; lastKnownFileType = sourcecode.swift; path = UltimateTravellerToolTests.swift; sourceTree = "<group>"; };
		E0A8A52B24AA41F500DA145C /* Info.plist */ = {isa = PBXFileReference; lastKnownFileType = text.plist.xml; path = Info.plist; sourceTree = "<group>"; };
		E0A8A53824AA42A600DA145C /* HTTPRequest.swift */ = {isa = PBXFileReference; lastKnownFileType = sourcecode.swift; path = HTTPRequest.swift; sourceTree = "<group>"; };
		E0A8A53A24AA42AE00DA145C /* HTTPClient.swift */ = {isa = PBXFileReference; lastKnownFileType = sourcecode.swift; path = HTTPClient.swift; sourceTree = "<group>"; };
		E0A8A53D24AA463200DA145C /* NetworkError.swift */ = {isa = PBXFileReference; lastKnownFileType = sourcecode.swift; path = NetworkError.swift; sourceTree = "<group>"; };
		E0A8A54324AA4BF400DA145C /* CurrenciesResult.swift */ = {isa = PBXFileReference; lastKnownFileType = sourcecode.swift; path = CurrenciesResult.swift; sourceTree = "<group>"; };
		E0A8A54524AA4BFD00DA145C /* CurrenciesService.swift */ = {isa = PBXFileReference; lastKnownFileType = sourcecode.swift; path = CurrenciesService.swift; sourceTree = "<group>"; };
		E0A8A54824AA535D00DA145C /* FakeUrlSession.swift */ = {isa = PBXFileReference; lastKnownFileType = sourcecode.swift; path = FakeUrlSession.swift; sourceTree = "<group>"; };
		E0A8A54D24AA55D800DA145C /* CurrenciesFakeData.json */ = {isa = PBXFileReference; lastKnownFileType = text.json; path = CurrenciesFakeData.json; sourceTree = "<group>"; };
		E0A8A54F24AA562200DA145C /* CurrenciesFakeResponse.swift */ = {isa = PBXFileReference; lastKnownFileType = sourcecode.swift; path = CurrenciesFakeResponse.swift; sourceTree = "<group>"; };
		E0A8A55124AA58D000DA145C /* CurrenciesTest.swift */ = {isa = PBXFileReference; lastKnownFileType = sourcecode.swift; path = CurrenciesTest.swift; sourceTree = "<group>"; };
		E0C5C0FE24C1A45100EEBF98 /* UIViewController+Date.swift */ = {isa = PBXFileReference; lastKnownFileType = sourcecode.swift; path = "UIViewController+Date.swift"; sourceTree = "<group>"; };
/* End PBXFileReference section */

/* Begin PBXFrameworksBuildPhase section */
		E0A8A50924AA41F400DA145C /* Frameworks */ = {
			isa = PBXFrameworksBuildPhase;
			buildActionMask = 2147483647;
			files = (
			);
			runOnlyForDeploymentPostprocessing = 0;
		};
		E0A8A52224AA41F500DA145C /* Frameworks */ = {
			isa = PBXFrameworksBuildPhase;
			buildActionMask = 2147483647;
			files = (
			);
			runOnlyForDeploymentPostprocessing = 0;
		};
/* End PBXFrameworksBuildPhase section */

/* Begin PBXGroup section */
		0864914B24C0AC480063286D /* Extensions */ = {
			isa = PBXGroup;
			children = (
				0864914C24C0AC6D0063286D /* UIViewController+Alert.swift */,
				E0C5C0FE24C1A45100EEBF98 /* UIViewController+Date.swift */,
			);
			path = Extensions;
			sourceTree = "<group>";
		};
		08F95BAA24C22506006D5EA6 /* ConvertCurrencies */ = {
			isa = PBXGroup;
			children = (
				E0A8A51324AA41F400DA145C /* CurrencyViewController.swift */,
			);
			path = ConvertCurrencies;
			sourceTree = "<group>";
		};
		08F95BAB24C22516006D5EA6 /* SelectCurrenciesTableView */ = {
			isa = PBXGroup;
			children = (
				E089E0FA24B09E7B0023909A /* SelectCurrencyTableViewController.swift */,
				E07D7F6524C247FE00ECBD7C /* FileSelectCurrencyTableViewController+UISearchBar.swift */,
			);
			path = SelectCurrenciesTableView;
			sourceTree = "<group>";
		};
		E02D5AD224C84878002BE9D5 /* Weather */ = {
			isa = PBXGroup;
			children = (
				E02D5AD324C848AA002BE9D5 /* WeatherTableViewController.swift */,
				E037338524CF06B800DB9929 /* WeatherTableViewController+LocationManager.swift */,
				E03CC1C724CDC733006124B9 /* WeatherDeatil */,
			);
			path = Weather;
			sourceTree = "<group>";
		};
		E02D5AD724C848EE002BE9D5 /* WeatherTab */ = {
			isa = PBXGroup;
			children = (
				E02D5AD824C84915002BE9D5 /* WeatherTableViewCell.swift */,
				E02D5ADA24C8494A002BE9D5 /* WeatherIcon.swift */,
				E03CC1C324CDC61D006124B9 /* DailyTableViewCell.swift */,
				E02F994124CED39500F90E44 /* HourlyForecastCollectionViewCell.swift */,
			);
			path = WeatherTab;
			sourceTree = "<group>";
		};
		E02D5ADC24C84970002BE9D5 /* WeatherApi */ = {
			isa = PBXGroup;
			children = (
				E02D5AFD24C93886002BE9D5 /* GlobaWeather */,
				E02D5AEC24C8A2AD002BE9D5 /* ForecastWeather */,
				E02D5AE524C8526B002BE9D5 /* currentWeather */,
			);
			path = WeatherApi;
			sourceTree = "<group>";
		};
		E02D5ADD24C84BDB002BE9D5 /* WeatherApi */ = {
			isa = PBXGroup;
			children = (
				E02D5AF824C93341002BE9D5 /* GlobalWeather */,
				E02D5AE024C84BF7002BE9D5 /* LocationSearchApi */,
			);
			path = WeatherApi;
			sourceTree = "<group>";
		};
		E02D5ADE24C84BE5002BE9D5 /* CurrentWeatherApi */ = {
			isa = PBXGroup;
			children = (
				E02D5AEA24C85DA1002BE9D5 /* CurrentWeatherService.swift */,
				E02D5AE124C84C14002BE9D5 /* CurrentWeatherResult.swift */,
			);
			path = CurrentWeatherApi;
			sourceTree = "<group>";
		};
		E02D5ADF24C84BEE002BE9D5 /* ForecastWeatherApi */ = {
			isa = PBXGroup;
			children = (
				E02D5AEF24C8A308002BE9D5 /* ForecastWeatherService.swift */,
				E02D5AF124C8A3AB002BE9D5 /* ForecastWeatherResult.swift */,
			);
			path = ForecastWeatherApi;
			sourceTree = "<group>";
		};
		E02D5AE024C84BF7002BE9D5 /* LocationSearchApi */ = {
			isa = PBXGroup;
			children = (
			);
			path = LocationSearchApi;
			sourceTree = "<group>";
		};
		E02D5AE524C8526B002BE9D5 /* currentWeather */ = {
			isa = PBXGroup;
			children = (
				E02D5AE324C8525D002BE9D5 /* CurrentWeather.json */,
				E02D5AE624C8527E002BE9D5 /* CurrentWeatherFakeResponse.swift */,
				E02D5AE824C8550E002BE9D5 /* CurrentWeatherTest.swift */,
			);
			path = currentWeather;
			sourceTree = "<group>";
		};
		E02D5AEC24C8A2AD002BE9D5 /* ForecastWeather */ = {
			isa = PBXGroup;
			children = (
				E02D5AF324C8A4AC002BE9D5 /* ForecastWeather.json */,
				E02D5AF524C8A4D1002BE9D5 /* ForecastWeatherFakeResponse.swift */,
				E02D5AED24C8A2C6002BE9D5 /* ForecastWeatherTest.swift */,
			);
			path = ForecastWeather;
			sourceTree = "<group>";
		};
		E02D5AF824C93341002BE9D5 /* GlobalWeather */ = {
			isa = PBXGroup;
			children = (
				E02D5ADF24C84BEE002BE9D5 /* ForecastWeatherApi */,
				E02D5ADE24C84BE5002BE9D5 /* CurrentWeatherApi */,
				E02D5AFB24C933F3002BE9D5 /* GlobalWeatherService.swift */,
				E02D5AF924C93362002BE9D5 /* GlobalWeatherResult.swift */,
			);
			path = GlobalWeather;
			sourceTree = "<group>";
		};
		E02D5AFD24C93886002BE9D5 /* GlobaWeather */ = {
			isa = PBXGroup;
			children = (
				E02D5AFE24C938A6002BE9D5 /* GlobalWeatherTest.swift */,
			);
			path = GlobaWeather;
			sourceTree = "<group>";
		};
		E03CC1C724CDC733006124B9 /* WeatherDeatil */ = {
			isa = PBXGroup;
			children = (
				E02D5AD524C848BC002BE9D5 /* WeatherDetailViewController.swift */,
			);
			path = WeatherDeatil;
			sourceTree = "<group>";
		};
		E089E0F424B077DF0023909A /* CurrencyChange */ = {
			isa = PBXGroup;
			children = (
				08F95BAA24C22506006D5EA6 /* ConvertCurrencies */,
				08F95BAB24C22516006D5EA6 /* SelectCurrenciesTableView */,
			);
			path = CurrencyChange;
			sourceTree = "<group>";
		};
		E099FFEC24BDFC0800422CBB /* CurrenciesTab */ = {
			isa = PBXGroup;
			children = (
				E089E0F824B09B240023909A /* CurrencyButton.swift */,
				E099FFEE24BDFC3900422CBB /* CurrencyTableViewCell.swift */,
			);
			path = CurrenciesTab;
			sourceTree = "<group>";
		};
		E0A8A50324AA41F400DA145C = {
			isa = PBXGroup;
			children = (
				E0A8A50E24AA41F400DA145C /* UltimateTravellerTool */,
				E0A8A52824AA41F500DA145C /* UltimateTravellerToolTests */,
				E0A8A50D24AA41F400DA145C /* Products */,
			);
			sourceTree = "<group>";
		};
		E0A8A50D24AA41F400DA145C /* Products */ = {
			isa = PBXGroup;
			children = (
				E0A8A50C24AA41F400DA145C /* UltimateTravellerTool.app */,
				E0A8A52524AA41F500DA145C /* UltimateTravellerToolTests.xctest */,
			);
			name = Products;
			sourceTree = "<group>";
		};
		E0A8A50E24AA41F400DA145C /* UltimateTravellerTool */ = {
			isa = PBXGroup;
			children = (
				0864914B24C0AC480063286D /* Extensions */,
				E0A8A53524AA427400DA145C /* Controller */,
				E0A8A53424AA426D00DA145C /* View */,
				E0A8A53624AA428600DA145C /* Model */,
				E0A8A50F24AA41F400DA145C /* AppDelegate.swift */,
				E0A8A51124AA41F400DA145C /* SceneDelegate.swift */,
				E0A8A51B24AA41F400DA145C /* Assets.xcassets */,
				E0A8A52024AA41F400DA145C /* Info.plist */,
				E0A8A51824AA41F400DA145C /* UltimateTravellerTool.xcdatamodeld */,
			);
			path = UltimateTravellerTool;
			sourceTree = "<group>";
		};
		E0A8A52824AA41F500DA145C /* UltimateTravellerToolTests */ = {
			isa = PBXGroup;
			children = (
				E0A8A54724AA533700DA145C /* Network */,
				E0A8A52924AA41F500DA145C /* UltimateTravellerToolTests.swift */,
				E0A8A52B24AA41F500DA145C /* Info.plist */,
			);
			path = UltimateTravellerToolTests;
			sourceTree = "<group>";
		};
		E0A8A53424AA426D00DA145C /* View */ = {
			isa = PBXGroup;
			children = (
				E02D5AD724C848EE002BE9D5 /* WeatherTab */,
				E099FFEC24BDFC0800422CBB /* CurrenciesTab */,
				E0A8A51524AA41F400DA145C /* Main.storyboard */,
				E0A8A51D24AA41F400DA145C /* LaunchScreen.storyboard */,
			);
			path = View;
			sourceTree = "<group>";
		};
		E0A8A53524AA427400DA145C /* Controller */ = {
			isa = PBXGroup;
			children = (
				E02D5AD224C84878002BE9D5 /* Weather */,
				E089E0F424B077DF0023909A /* CurrencyChange */,
			);
			path = Controller;
			sourceTree = "<group>";
		};
		E0A8A53624AA428600DA145C /* Model */ = {
			isa = PBXGroup;
			children = (
				E0A8A53724AA428E00DA145C /* Network */,
			);
			path = Model;
			sourceTree = "<group>";
		};
		E0A8A53724AA428E00DA145C /* Network */ = {
			isa = PBXGroup;
			children = (
				E0A8A53D24AA463200DA145C /* NetworkError.swift */,
				E0A8A53824AA42A600DA145C /* HTTPRequest.swift */,
				E0A8A53A24AA42AE00DA145C /* HTTPClient.swift */,
				E0A8A53C24AA42F700DA145C /* API */,
				0888647324AE322B00866612 /* Logger.swift */,
			);
			path = Network;
			sourceTree = "<group>";
		};
		E0A8A53C24AA42F700DA145C /* API */ = {
			isa = PBXGroup;
			children = (
				E02D5ADD24C84BDB002BE9D5 /* WeatherApi */,
				E0A8A54124AA4BDB00DA145C /* CurrenciesApi */,
				E089E0F224AEFC740023909A /* ApiConfig.swift */,
			);
			path = API;
			sourceTree = "<group>";
		};
		E0A8A54124AA4BDB00DA145C /* CurrenciesApi */ = {
			isa = PBXGroup;
			children = (
				E0A8A54524AA4BFD00DA145C /* CurrenciesService.swift */,
				E0A8A54324AA4BF400DA145C /* CurrenciesResult.swift */,
			);
			path = CurrenciesApi;
			sourceTree = "<group>";
		};
		E0A8A54724AA533700DA145C /* Network */ = {
			isa = PBXGroup;
			children = (
				E0A8A54824AA535D00DA145C /* FakeUrlSession.swift */,
				E0A8A54A24AA557C00DA145C /* CurrenciesApi */,
				E02D5ADC24C84970002BE9D5 /* WeatherApi */,
			);
			path = Network;
			sourceTree = "<group>";
		};
		E0A8A54A24AA557C00DA145C /* CurrenciesApi */ = {
			isa = PBXGroup;
			children = (
				E0A8A54D24AA55D800DA145C /* CurrenciesFakeData.json */,
				E0A8A54F24AA562200DA145C /* CurrenciesFakeResponse.swift */,
				E0A8A55124AA58D000DA145C /* CurrenciesTest.swift */,
			);
			path = CurrenciesApi;
			sourceTree = "<group>";
		};
/* End PBXGroup section */

/* Begin PBXNativeTarget section */
		E0A8A50B24AA41F400DA145C /* UltimateTravellerTool */ = {
			isa = PBXNativeTarget;
			buildConfigurationList = E0A8A52E24AA41F500DA145C /* Build configuration list for PBXNativeTarget "UltimateTravellerTool" */;
			buildPhases = (
				E0A8A50824AA41F400DA145C /* Sources */,
				E0A8A50924AA41F400DA145C /* Frameworks */,
				E0A8A50A24AA41F400DA145C /* Resources */,
			);
			buildRules = (
			);
			dependencies = (
			);
			name = UltimateTravellerTool;
			productName = UltimateTravellerTool;
			productReference = E0A8A50C24AA41F400DA145C /* UltimateTravellerTool.app */;
			productType = "com.apple.product-type.application";
		};
		E0A8A52424AA41F500DA145C /* UltimateTravellerToolTests */ = {
			isa = PBXNativeTarget;
			buildConfigurationList = E0A8A53124AA41F500DA145C /* Build configuration list for PBXNativeTarget "UltimateTravellerToolTests" */;
			buildPhases = (
				E0A8A52124AA41F500DA145C /* Sources */,
				E0A8A52224AA41F500DA145C /* Frameworks */,
				E0A8A52324AA41F500DA145C /* Resources */,
			);
			buildRules = (
			);
			dependencies = (
				E0A8A52724AA41F500DA145C /* PBXTargetDependency */,
			);
			name = UltimateTravellerToolTests;
			productName = UltimateTravellerToolTests;
			productReference = E0A8A52524AA41F500DA145C /* UltimateTravellerToolTests.xctest */;
			productType = "com.apple.product-type.bundle.unit-test";
		};
/* End PBXNativeTarget section */

/* Begin PBXProject section */
		E0A8A50424AA41F400DA145C /* Project object */ = {
			isa = PBXProject;
			attributes = {
				KnownAssetTags = (
					0,
				);
				LastSwiftUpdateCheck = 1150;
				LastUpgradeCheck = 1150;
				ORGANIZATIONNAME = "mickael ruzel";
				TargetAttributes = {
					E0A8A50B24AA41F400DA145C = {
						CreatedOnToolsVersion = 11.5;
					};
					E0A8A52424AA41F500DA145C = {
						CreatedOnToolsVersion = 11.5;
						TestTargetID = E0A8A50B24AA41F400DA145C;
					};
				};
			};
			buildConfigurationList = E0A8A50724AA41F400DA145C /* Build configuration list for PBXProject "UltimateTravellerTool" */;
			compatibilityVersion = "Xcode 9.3";
			developmentRegion = en;
			hasScannedForEncodings = 0;
			knownRegions = (
				en,
				Base,
			);
			mainGroup = E0A8A50324AA41F400DA145C;
			productRefGroup = E0A8A50D24AA41F400DA145C /* Products */;
			projectDirPath = "";
			projectRoot = "";
			targets = (
				E0A8A50B24AA41F400DA145C /* UltimateTravellerTool */,
				E0A8A52424AA41F500DA145C /* UltimateTravellerToolTests */,
			);
		};
/* End PBXProject section */

/* Begin PBXResourcesBuildPhase section */
		E0A8A50A24AA41F400DA145C /* Resources */ = {
			isa = PBXResourcesBuildPhase;
			buildActionMask = 2147483647;
			files = (
				E0A8A51F24AA41F400DA145C /* LaunchScreen.storyboard in Resources */,
				E0A8A51C24AA41F400DA145C /* Assets.xcassets in Resources */,
				E0A8A51724AA41F400DA145C /* Main.storyboard in Resources */,
			);
			runOnlyForDeploymentPostprocessing = 0;
		};
		E0A8A52324AA41F500DA145C /* Resources */ = {
			isa = PBXResourcesBuildPhase;
			buildActionMask = 2147483647;
			files = (
				E02D5AE424C8525D002BE9D5 /* CurrentWeather.json in Resources */,
				E02D5AF424C8A4AC002BE9D5 /* ForecastWeather.json in Resources */,
				E0A8A54E24AA55D800DA145C /* CurrenciesFakeData.json in Resources */,
			);
			runOnlyForDeploymentPostprocessing = 0;
		};
/* End PBXResourcesBuildPhase section */

/* Begin PBXSourcesBuildPhase section */
		E0A8A50824AA41F400DA145C /* Sources */ = {
			isa = PBXSourcesBuildPhase;
			buildActionMask = 2147483647;
			files = (
				E0A8A51424AA41F400DA145C /* CurrencyViewController.swift in Sources */,
				0888647424AE322B00866612 /* Logger.swift in Sources */,
				E0A8A53E24AA463200DA145C /* NetworkError.swift in Sources */,
				E0A8A51024AA41F400DA145C /* AppDelegate.swift in Sources */,
				E0A8A53B24AA42AE00DA145C /* HTTPClient.swift in Sources */,
				E0A8A54424AA4BF400DA145C /* CurrenciesResult.swift in Sources */,
				E07D7F6624C247FE00ECBD7C /* FileSelectCurrencyTableViewController+UISearchBar.swift in Sources */,
				E02D5ADB24C8494A002BE9D5 /* WeatherIcon.swift in Sources */,
				E02D5AD424C848AA002BE9D5 /* WeatherTableViewController.swift in Sources */,
				0864914D24C0AC6D0063286D /* UIViewController+Alert.swift in Sources */,
				E02D5AFA24C93362002BE9D5 /* GlobalWeatherResult.swift in Sources */,
				E037338624CF06B800DB9929 /* WeatherTableViewController+LocationManager.swift in Sources */,
				E02D5AFC24C933F3002BE9D5 /* GlobalWeatherService.swift in Sources */,
				E02D5AF224C8A3AB002BE9D5 /* ForecastWeatherResult.swift in Sources */,
				E02D5AD924C84915002BE9D5 /* WeatherTableViewCell.swift in Sources */,
				E0A8A53924AA42A600DA145C /* HTTPRequest.swift in Sources */,
				E089E0FB24B09E7B0023909A /* SelectCurrencyTableViewController.swift in Sources */,
				E02F994224CED39500F90E44 /* HourlyForecastCollectionViewCell.swift in Sources */,
				E0A8A51A24AA41F400DA145C /* UltimateTravellerTool.xcdatamodeld in Sources */,
				E089E0F324AEFC740023909A /* ApiConfig.swift in Sources */,
				E0A8A51224AA41F400DA145C /* SceneDelegate.swift in Sources */,
				E0C5C0FF24C1A45100EEBF98 /* UIViewController+Date.swift in Sources */,
				E02D5AEB24C85DA1002BE9D5 /* CurrentWeatherService.swift in Sources */,
				E0A8A54624AA4BFD00DA145C /* CurrenciesService.swift in Sources */,
				E099FFEF24BDFC3900422CBB /* CurrencyTableViewCell.swift in Sources */,
				E02D5AD624C848BC002BE9D5 /* WeatherDetailViewController.swift in Sources */,
				E02D5AE224C84C14002BE9D5 /* CurrentWeatherResult.swift in Sources */,
				E03CC1C424CDC61D006124B9 /* DailyTableViewCell.swift in Sources */,
				E02D5AF024C8A308002BE9D5 /* ForecastWeatherService.swift in Sources */,
				E089E0F924B09B240023909A /* CurrencyButton.swift in Sources */,
			);
			runOnlyForDeploymentPostprocessing = 0;
		};
		E0A8A52124AA41F500DA145C /* Sources */ = {
			isa = PBXSourcesBuildPhase;
			buildActionMask = 2147483647;
			files = (
				E02D5AE724C8527E002BE9D5 /* CurrentWeatherFakeResponse.swift in Sources */,
				E0A8A52A24AA41F500DA145C /* UltimateTravellerToolTests.swift in Sources */,
				E0A8A55024AA562200DA145C /* CurrenciesFakeResponse.swift in Sources */,
				E02D5AF624C8A4D1002BE9D5 /* ForecastWeatherFakeResponse.swift in Sources */,
				E0A8A55224AA58D000DA145C /* CurrenciesTest.swift in Sources */,
				E02D5AE924C8550E002BE9D5 /* CurrentWeatherTest.swift in Sources */,
				E02D5AEE24C8A2C6002BE9D5 /* ForecastWeatherTest.swift in Sources */,
				E02D5AFF24C938A6002BE9D5 /* GlobalWeatherTest.swift in Sources */,
				E0A8A54924AA535D00DA145C /* FakeUrlSession.swift in Sources */,
			);
			runOnlyForDeploymentPostprocessing = 0;
		};
/* End PBXSourcesBuildPhase section */

/* Begin PBXTargetDependency section */
		E0A8A52724AA41F500DA145C /* PBXTargetDependency */ = {
			isa = PBXTargetDependency;
			target = E0A8A50B24AA41F400DA145C /* UltimateTravellerTool */;
			targetProxy = E0A8A52624AA41F500DA145C /* PBXContainerItemProxy */;
		};
/* End PBXTargetDependency section */

/* Begin PBXVariantGroup section */
		E0A8A51524AA41F400DA145C /* Main.storyboard */ = {
			isa = PBXVariantGroup;
			children = (
				E0A8A51624AA41F400DA145C /* Base */,
			);
			name = Main.storyboard;
			sourceTree = "<group>";
		};
		E0A8A51D24AA41F400DA145C /* LaunchScreen.storyboard */ = {
			isa = PBXVariantGroup;
			children = (
				E0A8A51E24AA41F400DA145C /* Base */,
			);
			name = LaunchScreen.storyboard;
			sourceTree = "<group>";
		};
/* End PBXVariantGroup section */

/* Begin XCBuildConfiguration section */
		E0A8A52C24AA41F500DA145C /* Debug */ = {
			isa = XCBuildConfiguration;
			buildSettings = {
				ALWAYS_SEARCH_USER_PATHS = NO;
				CLANG_ANALYZER_NONNULL = YES;
				CLANG_ANALYZER_NUMBER_OBJECT_CONVERSION = YES_AGGRESSIVE;
				CLANG_CXX_LANGUAGE_STANDARD = "gnu++14";
				CLANG_CXX_LIBRARY = "libc++";
				CLANG_ENABLE_MODULES = YES;
				CLANG_ENABLE_OBJC_ARC = YES;
				CLANG_ENABLE_OBJC_WEAK = YES;
				CLANG_WARN_BLOCK_CAPTURE_AUTORELEASING = YES;
				CLANG_WARN_BOOL_CONVERSION = YES;
				CLANG_WARN_COMMA = YES;
				CLANG_WARN_CONSTANT_CONVERSION = YES;
				CLANG_WARN_DEPRECATED_OBJC_IMPLEMENTATIONS = YES;
				CLANG_WARN_DIRECT_OBJC_ISA_USAGE = YES_ERROR;
				CLANG_WARN_DOCUMENTATION_COMMENTS = YES;
				CLANG_WARN_EMPTY_BODY = YES;
				CLANG_WARN_ENUM_CONVERSION = YES;
				CLANG_WARN_INFINITE_RECURSION = YES;
				CLANG_WARN_INT_CONVERSION = YES;
				CLANG_WARN_NON_LITERAL_NULL_CONVERSION = YES;
				CLANG_WARN_OBJC_IMPLICIT_RETAIN_SELF = YES;
				CLANG_WARN_OBJC_LITERAL_CONVERSION = YES;
				CLANG_WARN_OBJC_ROOT_CLASS = YES_ERROR;
				CLANG_WARN_RANGE_LOOP_ANALYSIS = YES;
				CLANG_WARN_STRICT_PROTOTYPES = YES;
				CLANG_WARN_SUSPICIOUS_MOVE = YES;
				CLANG_WARN_UNGUARDED_AVAILABILITY = YES_AGGRESSIVE;
				CLANG_WARN_UNREACHABLE_CODE = YES;
				CLANG_WARN__DUPLICATE_METHOD_MATCH = YES;
				COPY_PHASE_STRIP = NO;
				DEBUG_INFORMATION_FORMAT = dwarf;
				ENABLE_STRICT_OBJC_MSGSEND = YES;
				ENABLE_TESTABILITY = YES;
				GCC_C_LANGUAGE_STANDARD = gnu11;
				GCC_DYNAMIC_NO_PIC = NO;
				GCC_NO_COMMON_BLOCKS = YES;
				GCC_OPTIMIZATION_LEVEL = 0;
				GCC_PREPROCESSOR_DEFINITIONS = (
					"DEBUG=1",
					"$(inherited)",
				);
				GCC_WARN_64_TO_32_BIT_CONVERSION = YES;
				GCC_WARN_ABOUT_RETURN_TYPE = YES_ERROR;
				GCC_WARN_UNDECLARED_SELECTOR = YES;
				GCC_WARN_UNINITIALIZED_AUTOS = YES_AGGRESSIVE;
				GCC_WARN_UNUSED_FUNCTION = YES;
				GCC_WARN_UNUSED_VARIABLE = YES;
				IPHONEOS_DEPLOYMENT_TARGET = 11.0;
				MTL_ENABLE_DEBUG_INFO = INCLUDE_SOURCE;
				MTL_FAST_MATH = YES;
				ONLY_ACTIVE_ARCH = YES;
				SDKROOT = iphoneos;
				SWIFT_ACTIVE_COMPILATION_CONDITIONS = DEBUG;
				SWIFT_OPTIMIZATION_LEVEL = "-Onone";
			};
			name = Debug;
		};
		E0A8A52D24AA41F500DA145C /* Release */ = {
			isa = XCBuildConfiguration;
			buildSettings = {
				ALWAYS_SEARCH_USER_PATHS = NO;
				CLANG_ANALYZER_NONNULL = YES;
				CLANG_ANALYZER_NUMBER_OBJECT_CONVERSION = YES_AGGRESSIVE;
				CLANG_CXX_LANGUAGE_STANDARD = "gnu++14";
				CLANG_CXX_LIBRARY = "libc++";
				CLANG_ENABLE_MODULES = YES;
				CLANG_ENABLE_OBJC_ARC = YES;
				CLANG_ENABLE_OBJC_WEAK = YES;
				CLANG_WARN_BLOCK_CAPTURE_AUTORELEASING = YES;
				CLANG_WARN_BOOL_CONVERSION = YES;
				CLANG_WARN_COMMA = YES;
				CLANG_WARN_CONSTANT_CONVERSION = YES;
				CLANG_WARN_DEPRECATED_OBJC_IMPLEMENTATIONS = YES;
				CLANG_WARN_DIRECT_OBJC_ISA_USAGE = YES_ERROR;
				CLANG_WARN_DOCUMENTATION_COMMENTS = YES;
				CLANG_WARN_EMPTY_BODY = YES;
				CLANG_WARN_ENUM_CONVERSION = YES;
				CLANG_WARN_INFINITE_RECURSION = YES;
				CLANG_WARN_INT_CONVERSION = YES;
				CLANG_WARN_NON_LITERAL_NULL_CONVERSION = YES;
				CLANG_WARN_OBJC_IMPLICIT_RETAIN_SELF = YES;
				CLANG_WARN_OBJC_LITERAL_CONVERSION = YES;
				CLANG_WARN_OBJC_ROOT_CLASS = YES_ERROR;
				CLANG_WARN_RANGE_LOOP_ANALYSIS = YES;
				CLANG_WARN_STRICT_PROTOTYPES = YES;
				CLANG_WARN_SUSPICIOUS_MOVE = YES;
				CLANG_WARN_UNGUARDED_AVAILABILITY = YES_AGGRESSIVE;
				CLANG_WARN_UNREACHABLE_CODE = YES;
				CLANG_WARN__DUPLICATE_METHOD_MATCH = YES;
				COPY_PHASE_STRIP = NO;
				DEBUG_INFORMATION_FORMAT = "dwarf-with-dsym";
				ENABLE_NS_ASSERTIONS = NO;
				ENABLE_STRICT_OBJC_MSGSEND = YES;
				GCC_C_LANGUAGE_STANDARD = gnu11;
				GCC_NO_COMMON_BLOCKS = YES;
				GCC_WARN_64_TO_32_BIT_CONVERSION = YES;
				GCC_WARN_ABOUT_RETURN_TYPE = YES_ERROR;
				GCC_WARN_UNDECLARED_SELECTOR = YES;
				GCC_WARN_UNINITIALIZED_AUTOS = YES_AGGRESSIVE;
				GCC_WARN_UNUSED_FUNCTION = YES;
				GCC_WARN_UNUSED_VARIABLE = YES;
				IPHONEOS_DEPLOYMENT_TARGET = 11.0;
				MTL_ENABLE_DEBUG_INFO = NO;
				MTL_FAST_MATH = YES;
				SDKROOT = iphoneos;
				SWIFT_COMPILATION_MODE = wholemodule;
				SWIFT_OPTIMIZATION_LEVEL = "-O";
				VALIDATE_PRODUCT = YES;
			};
			name = Release;
		};
		E0A8A52F24AA41F500DA145C /* Debug */ = {
			isa = XCBuildConfiguration;
			buildSettings = {
				ASSETCATALOG_COMPILER_APPICON_NAME = AppIcon;
				CODE_SIGN_STYLE = Automatic;
				DEVELOPMENT_TEAM = V6M3YC3LQG;
				INFOPLIST_FILE = UltimateTravellerTool/Info.plist;
				LD_RUNPATH_SEARCH_PATHS = (
					"$(inherited)",
					"@executable_path/Frameworks",
				);
				PRODUCT_BUNDLE_IDENTIFIER = com.mickaelruzel.UltimateTravellerTool;
				PRODUCT_NAME = "$(TARGET_NAME)";
				SWIFT_VERSION = 5.0;
				TARGETED_DEVICE_FAMILY = "1,2";
			};
			name = Debug;
		};
		E0A8A53024AA41F500DA145C /* Release */ = {
			isa = XCBuildConfiguration;
			buildSettings = {
				ASSETCATALOG_COMPILER_APPICON_NAME = AppIcon;
				CODE_SIGN_STYLE = Automatic;
				DEVELOPMENT_TEAM = V6M3YC3LQG;
				INFOPLIST_FILE = UltimateTravellerTool/Info.plist;
				LD_RUNPATH_SEARCH_PATHS = (
					"$(inherited)",
					"@executable_path/Frameworks",
				);
				PRODUCT_BUNDLE_IDENTIFIER = com.mickaelruzel.UltimateTravellerTool;
				PRODUCT_NAME = "$(TARGET_NAME)";
				SWIFT_VERSION = 5.0;
				TARGETED_DEVICE_FAMILY = "1,2";
			};
			name = Release;
		};
		E0A8A53224AA41F500DA145C /* Debug */ = {
			isa = XCBuildConfiguration;
			buildSettings = {
				ALWAYS_EMBED_SWIFT_STANDARD_LIBRARIES = YES;
				BUNDLE_LOADER = "$(TEST_HOST)";
				CODE_SIGN_STYLE = Automatic;
				DEVELOPMENT_TEAM = V6M3YC3LQG;
				INFOPLIST_FILE = UltimateTravellerToolTests/Info.plist;
				IPHONEOS_DEPLOYMENT_TARGET = 13.5;
				LD_RUNPATH_SEARCH_PATHS = (
					"$(inherited)",
					"@executable_path/Frameworks",
					"@loader_path/Frameworks",
				);
				PRODUCT_BUNDLE_IDENTIFIER = com.mickaelruzel.UltimateTravellerToolTests;
				PRODUCT_NAME = "$(TARGET_NAME)";
				SWIFT_VERSION = 5.0;
				TARGETED_DEVICE_FAMILY = "1,2";
				TEST_HOST = "$(BUILT_PRODUCTS_DIR)/UltimateTravellerTool.app/UltimateTravellerTool";
			};
			name = Debug;
		};
		E0A8A53324AA41F500DA145C /* Release */ = {
			isa = XCBuildConfiguration;
			buildSettings = {
				ALWAYS_EMBED_SWIFT_STANDARD_LIBRARIES = YES;
				BUNDLE_LOADER = "$(TEST_HOST)";
				CODE_SIGN_STYLE = Automatic;
				DEVELOPMENT_TEAM = V6M3YC3LQG;
				INFOPLIST_FILE = UltimateTravellerToolTests/Info.plist;
				IPHONEOS_DEPLOYMENT_TARGET = 13.5;
				LD_RUNPATH_SEARCH_PATHS = (
					"$(inherited)",
					"@executable_path/Frameworks",
					"@loader_path/Frameworks",
				);
				PRODUCT_BUNDLE_IDENTIFIER = com.mickaelruzel.UltimateTravellerToolTests;
				PRODUCT_NAME = "$(TARGET_NAME)";
				SWIFT_VERSION = 5.0;
				TARGETED_DEVICE_FAMILY = "1,2";
				TEST_HOST = "$(BUILT_PRODUCTS_DIR)/UltimateTravellerTool.app/UltimateTravellerTool";
			};
			name = Release;
		};
/* End XCBuildConfiguration section */

/* Begin XCConfigurationList section */
		E0A8A50724AA41F400DA145C /* Build configuration list for PBXProject "UltimateTravellerTool" */ = {
			isa = XCConfigurationList;
			buildConfigurations = (
				E0A8A52C24AA41F500DA145C /* Debug */,
				E0A8A52D24AA41F500DA145C /* Release */,
			);
			defaultConfigurationIsVisible = 0;
			defaultConfigurationName = Release;
		};
		E0A8A52E24AA41F500DA145C /* Build configuration list for PBXNativeTarget "UltimateTravellerTool" */ = {
			isa = XCConfigurationList;
			buildConfigurations = (
				E0A8A52F24AA41F500DA145C /* Debug */,
				E0A8A53024AA41F500DA145C /* Release */,
			);
			defaultConfigurationIsVisible = 0;
			defaultConfigurationName = Release;
		};
		E0A8A53124AA41F500DA145C /* Build configuration list for PBXNativeTarget "UltimateTravellerToolTests" */ = {
			isa = XCConfigurationList;
			buildConfigurations = (
				E0A8A53224AA41F500DA145C /* Debug */,
				E0A8A53324AA41F500DA145C /* Release */,
			);
			defaultConfigurationIsVisible = 0;
			defaultConfigurationName = Release;
		};
/* End XCConfigurationList section */

/* Begin XCVersionGroup section */
		E0A8A51824AA41F400DA145C /* UltimateTravellerTool.xcdatamodeld */ = {
			isa = XCVersionGroup;
			children = (
				E0A8A51924AA41F400DA145C /* UltimateTravellerTool.xcdatamodel */,
			);
			currentVersion = E0A8A51924AA41F400DA145C /* UltimateTravellerTool.xcdatamodel */;
			path = UltimateTravellerTool.xcdatamodeld;
			sourceTree = "<group>";
			versionGroupType = wrapper.xcdatamodel;
		};
/* End XCVersionGroup section */
	};
	rootObject = E0A8A50424AA41F400DA145C /* Project object */;
}
